{
  "name": "web",
  "version": "0.1.0",
  "lockfileVersion": 1,
  "requires": true,
  "dependencies": {
    "bulma": {
      "version": "0.9.3",
      "resolved": "https://registry.npmjs.org/bulma/-/bulma-0.9.3.tgz",
      "integrity": "sha512-0d7GNW1PY4ud8TWxdNcP6Cc8Bu7MxcntD/RRLGWuiw/s0a9P+XlH/6QoOIrmbj6o8WWJzJYhytiu9nFjTszk1g=="
    },
    "bulma-pageloader": {
      "version": "0.3.0",
      "resolved": "https://registry.npmjs.org/bulma-pageloader/-/bulma-pageloader-0.3.0.tgz",
      "integrity": "sha512-lbahiqhBCov5AYdziHFnC5/JOhCrJWFTpdRiAkwW49IM/mf0whCWHVe8MuejZFu2PEs1mtH8Gnz8exEks4Q+7g=="
    }
  }
}
